
Microsoft Visual Studio Solution File, Format Version 12.00
# Visual Studio Version 17
VisualStudioVersion = 17.4.33020.496
MinimumVisualStudioVersion = 10.0.40219.1
Project("{2150E333-8FDC-42A3-9474-1A3956D46DE8}") = "Solution Items", "Solution Items", "{329541C0-0B53-4CE3-A61A-E2E0917E8402}"
	ProjectSection(SolutionItems) = preProject
		..\LICENSE = ..\LICENSE
		..\.github\README.md = ..\.github\README.md
		..\umbraco-marketplace.json = ..\umbraco-marketplace.json
	EndProjectSection
EndProject
Project("{FAE04EC0-301F-11D3-BF4B-00C04F79EFBC}") = "CustomLoginScreen.TestSite", "CustomLoginScreen.TestSite\CustomLoginScreen.TestSite.csproj", "{337C02B8-4369-46EF-866B-3CA0577CAD10}"
EndProject
Project("{FAE04EC0-301F-11D3-BF4B-00C04F79EFBC}") = "CustomLoginScreen", "CustomLoginScreen\CustomLoginScreen.csproj", "{AC323907-385F-49CF-BFF1-17921229EA3A}"
EndProject
Global
	GlobalSection(SolutionConfigurationPlatforms) = preSolution
		Debug|Any CPU = Debug|Any CPU
		Debug|x64 = Debug|x64
		Debug|x86 = Debug|x86
		Release|Any CPU = Release|Any CPU
		Release|x64 = Release|x64
		Release|x86 = Release|x86
	EndGlobalSection
	GlobalSection(ProjectConfigurationPlatforms) = postSolution
		{337C02B8-4369-46EF-866B-3CA0577CAD10}.Debug|Any CPU.ActiveCfg = Debug|Any CPU
		{337C02B8-4369-46EF-866B-3CA0577CAD10}.Debug|Any CPU.Build.0 = Debug|Any CPU
		{337C02B8-4369-46EF-866B-3CA0577CAD10}.Debug|x64.ActiveCfg = Debug|Any CPU
		{337C02B8-4369-46EF-866B-3CA0577CAD10}.Debug|x64.Build.0 = Debug|Any CPU
		{337C02B8-4369-46EF-866B-3CA0577CAD10}.Debug|x86.ActiveCfg = Debug|Any CPU
		{337C02B8-4369-46EF-866B-3CA0577CAD10}.Debug|x86.Build.0 = Debug|Any CPU
		{337C02B8-4369-46EF-866B-3CA0577CAD10}.Release|Any CPU.ActiveCfg = Release|Any CPU
		{337C02B8-4369-46EF-866B-3CA0577CAD10}.Release|Any CPU.Build.0 = Release|Any CPU
		{337C02B8-4369-46EF-866B-3CA0577CAD10}.Release|x64.ActiveCfg = Release|Any CPU
		{337C02B8-4369-46EF-866B-3CA0577CAD10}.Release|x64.Build.0 = Release|Any CPU
		{337C02B8-4369-46EF-866B-3CA0577CAD10}.Release|x86.ActiveCfg = Release|Any CPU
		{337C02B8-4369-46EF-866B-3CA0577CAD10}.Release|x86.Build.0 = Release|Any CPU
		{AC323907-385F-49CF-BFF1-17921229EA3A}.Debug|Any CPU.ActiveCfg = Debug|Any CPU
		{AC323907-385F-49CF-BFF1-17921229EA3A}.Debug|Any CPU.Build.0 = Debug|Any CPU
		{AC323907-385F-49CF-BFF1-17921229EA3A}.Debug|x64.ActiveCfg = Debug|Any CPU
		{AC323907-385F-49CF-BFF1-17921229EA3A}.Debug|x64.Build.0 = Debug|Any CPU
		{AC323907-385F-49CF-BFF1-17921229EA3A}.Debug|x86.ActiveCfg = Debug|Any CPU
		{AC323907-385F-49CF-BFF1-17921229EA3A}.Debug|x86.Build.0 = Debug|Any CPU
		{AC323907-385F-49CF-BFF1-17921229EA3A}.Release|Any CPU.ActiveCfg = Release|Any CPU
		{AC323907-385F-49CF-BFF1-17921229EA3A}.Release|Any CPU.Build.0 = Release|Any CPU
		{AC323907-385F-49CF-BFF1-17921229EA3A}.Release|x64.ActiveCfg = Release|Any CPU
		{AC323907-385F-49CF-BFF1-17921229EA3A}.Release|x64.Build.0 = Release|Any CPU
		{AC323907-385F-49CF-BFF1-17921229EA3A}.Release|x86.ActiveCfg = Release|Any CPU
		{AC323907-385F-49CF-BFF1-17921229EA3A}.Release|x86.Build.0 = Release|Any CPU
	EndGlobalSection
	GlobalSection(SolutionProperties) = preSolution
		HideSolutionNode = FALSE
	EndGlobalSection
	GlobalSection(ExtensibilityGlobals) = postSolution
		SolutionGuid = {6F07004F-9903-4AEB-9ED0-BE57A0326D20}
	EndGlobalSection
EndGlobal
